
Microsoft Visual Studio Solution File, Format Version 12.00
# Visual Studio Version 17
VisualStudioVersion = 17.9.34728.123
MinimumVisualStudioVersion = 10.0.40219.1
Project("{FAE04EC0-301F-11D3-BF4B-00C04F79EFBC}") = "MeSure.UI", "MeSure.UI\MeSure.UI.csproj", "{3E8FC996-C4BC-4D77-AE2E-2F7802803316}"
EndProject
Global
	GlobalSection(SolutionConfigurationPlatforms) = preSolution
		Debug|Any CPU = Debug|Any CPU
		Release|Any CPU = Release|Any CPU
	EndGlobalSection
	GlobalSection(ProjectConfigurationPlatforms) = postSolution
		{3E8FC996-C4BC-4D77-AE2E-2F7802803316}.Debug|Any CPU.ActiveCfg = Debug|Any CPU
		{3E8FC996-C4BC-4D77-AE2E-2F7802803316}.Debug|Any CPU.Build.0 = Debug|Any CPU
		{3E8FC996-C4BC-4D77-AE2E-2F7802803316}.Release|Any CPU.ActiveCfg = Release|Any CPU
		{3E8FC996-C4BC-4D77-AE2E-2F7802803316}.Release|Any CPU.Build.0 = Release|Any CPU
	EndGlobalSection
	GlobalSection(SolutionProperties) = preSolution
		HideSolutionNode = FALSE
	EndGlobalSection
	GlobalSection(ExtensibilityGlobals) = postSolution
		SolutionGuid = {16F7A4C5-D450-4086-95CF-E2A188BD10CA}
	EndGlobalSection
EndGlobal
